
Microsoft Visual Studio Solution File, Format Version 12.00
# Visual Studio Version 17
VisualStudioVersion = 17.5.33530.505
MinimumVisualStudioVersion = 10.0.40219.1
Project("{9A19103F-16F7-4668-BE54-9A1E7A4F7556}") = "NotionExporter", "NotionExporter\NotionExporter.csproj", "{02B12374-3A8D-4B3B-BF17-24B7F0C9F978}"
EndProject
Project("{2150E333-8FDC-42A3-9474-1A3956D46DE8}") = "Solution Items", "Solution Items", "{4127E28B-938A-4B83-859A-5C764963B7B6}"
	ProjectSection(SolutionItems) = preProject
		.gitignore = .gitignore
		Directory.Build.props = Directory.Build.props
		README.md = README.md
	EndProjectSection
EndProject
Project("{2150E333-8FDC-42A3-9474-1A3956D46DE8}") = "Scripts", "Scripts", "{D28F5855-1D54-4540-B434-AC60FCA8A9ED}"
	ProjectSection(SolutionItems) = preProject
		Scripts\generate-licenses.bat = Scripts\generate-licenses.bat
		Scripts\pseudo-localize.bat = Scripts\pseudo-localize.bat
	EndProjectSection
EndProject
Project("{9A19103F-16F7-4668-BE54-9A1E7A4F7556}") = "Installer", "Installer\Installer.csproj", "{01113A54-4CFC-4433-8FEF-562676B4FC80}"
EndProject
Project("{FAE04EC0-301F-11D3-BF4B-00C04F79EFBC}") = "NotionExporter.API", "NotionExporter.API\NotionExporter.API.csproj", "{B26E929B-668C-433F-B35C-CED7460B8643}"
EndProject
Global
	GlobalSection(SolutionConfigurationPlatforms) = preSolution
		Debug|Any CPU = Debug|Any CPU
		Release|Any CPU = Release|Any CPU
	EndGlobalSection
	GlobalSection(ProjectConfigurationPlatforms) = postSolution
		{02B12374-3A8D-4B3B-BF17-24B7F0C9F978}.Debug|Any CPU.ActiveCfg = Debug|Any CPU
		{02B12374-3A8D-4B3B-BF17-24B7F0C9F978}.Debug|Any CPU.Build.0 = Debug|Any CPU
		{02B12374-3A8D-4B3B-BF17-24B7F0C9F978}.Release|Any CPU.ActiveCfg = Release|Any CPU
		{02B12374-3A8D-4B3B-BF17-24B7F0C9F978}.Release|Any CPU.Build.0 = Release|Any CPU
		{01113A54-4CFC-4433-8FEF-562676B4FC80}.Debug|Any CPU.ActiveCfg = Debug|Any CPU
		{01113A54-4CFC-4433-8FEF-562676B4FC80}.Debug|Any CPU.Build.0 = Debug|Any CPU
		{01113A54-4CFC-4433-8FEF-562676B4FC80}.Release|Any CPU.ActiveCfg = Release|Any CPU
		{01113A54-4CFC-4433-8FEF-562676B4FC80}.Release|Any CPU.Build.0 = Release|Any CPU
		{B26E929B-668C-433F-B35C-CED7460B8643}.Debug|Any CPU.ActiveCfg = Debug|Any CPU
		{B26E929B-668C-433F-B35C-CED7460B8643}.Debug|Any CPU.Build.0 = Debug|Any CPU
		{B26E929B-668C-433F-B35C-CED7460B8643}.Release|Any CPU.ActiveCfg = Release|Any CPU
		{B26E929B-668C-433F-B35C-CED7460B8643}.Release|Any CPU.Build.0 = Release|Any CPU
	EndGlobalSection
	GlobalSection(SolutionProperties) = preSolution
		HideSolutionNode = FALSE
	EndGlobalSection
	GlobalSection(ExtensibilityGlobals) = postSolution
		SolutionGuid = {76374C0C-5EAA-47B2-A469-CB4FBFBC8324}
	EndGlobalSection
EndGlobal
